
Microsoft Visual Studio Solution File, Format Version 12.00
# Visual Studio Version 17
VisualStudioVersion = 17.11.35327.3
MinimumVisualStudioVersion = 10.0.40219.1
Project("{FAE04EC0-301F-11D3-BF4B-00C04F79EFBC}") = "ConsoleApp1", "ConsoleApp1\ConsoleApp1.csproj", "{B86CD608-8091-41B7-ABB4-058AF2C86257}"
EndProject
Global
	GlobalSection(SolutionConfigurationPlatforms) = preSolution
		Debug|Any CPU = Debug|Any CPU
		Release|Any CPU = Release|Any CPU
	EndGlobalSection
	GlobalSection(ProjectConfigurationPlatforms) = postSolution
		{B86CD608-8091-41B7-ABB4-058AF2C86257}.Debug|Any CPU.ActiveCfg = Debug|Any CPU
		{B86CD608-8091-41B7-ABB4-058AF2C86257}.Debug|Any CPU.Build.0 = Debug|Any CPU
		{B86CD608-8091-41B7-ABB4-058AF2C86257}.Release|Any CPU.ActiveCfg = Release|Any CPU
		{B86CD608-8091-41B7-ABB4-058AF2C86257}.Release|Any CPU.Build.0 = Release|Any CPU
	EndGlobalSection
	GlobalSection(SolutionProperties) = preSolution
		HideSolutionNode = FALSE
	EndGlobalSection
	GlobalSection(ExtensibilityGlobals) = postSolution
		SolutionGuid = {975EB2EC-6A20-4A79-98FF-E285D6225B73}
	EndGlobalSection
EndGlobal
